{
  "object": {
    "pins": [
      {
        "package": "Core",
        "repositoryURL": "https://github.com/maitrivira/CoreModule.git",
        "state": {
          "branch": null,
          "revision": "00945f1b19bad66b8bff65051d98d7736ad35616",
          "version": "1.0.16"
        }
      },
      {
        "package": "Realm",
        "repositoryURL": "https://github.com/realm/realm-cocoa.git",
        "state": {
          "branch": null,
          "revision": "2dce752b48c3265c63ab04a8c66ddfdf9185f847",
          "version": "5.5.2"
        }
      },
      {
        "package": "RealmCore",
        "repositoryURL": "https://github.com/realm/realm-core",
        "state": {
          "branch": null,
          "revision": "66d79b3c5213fb14d491c1b22193077b488d49a6",
          "version": "6.2.4"
        }
      },
      {
        "package": "RxSwift",
        "repositoryURL": "https://github.com/ReactiveX/RxSwift.git",
        "state": {
          "branch": null,
          "revision": "b4307ba0b6425c0ba4178e138799946c3da594f8",
          "version": "6.5.0"
        }
      }
    ]
  },
  "version": 1
}
