{
  "pins" : [
    {
      "identity" : "coremodule",
      "kind" : "remoteSourceControl",
      "location" : "https://github.com/maitrivira/CoreModule.git",
      "state" : {
        "revision" : "3b8e3b12898869db713b2b5186f091b35f844af8",
        "version" : "1.0.0"
      }
    },
    {
      "identity" : "realm-cocoa",
      "kind" : "remoteSourceControl",
      "location" : "https://github.com/tetrafolium/realm-cocoa.git",
      "state" : {
        "revision" : "913d59c6522e3007c7cbac3a8e9775abf72c054c",
        "version" : "4.3.2"
      }
    },
    {
      "identity" : "realm-core",
      "kind" : "remoteSourceControl",
      "location" : "https://github.com/realm/realm-core",
      "state" : {
        "revision" : "35662ff940e340bf630ad1d1d88acfc7af18bee6",
        "version" : "5.23.8"
      }
    },
    {
      "identity" : "rxswift",
      "kind" : "remoteSourceControl",
      "location" : "https://github.com/ReactiveX/RxSwift.git",
      "state" : {
        "revision" : "b4307ba0b6425c0ba4178e138799946c3da594f8",
        "version" : "6.5.0"
      }
    }
  ],
  "version" : 2
}
